
Microsoft Visual Studio Solution File, Format Version 12.00
# Visual Studio 15
VisualStudioVersion = 15.0.28307.329
MinimumVisualStudioVersion = 10.0.40219.1
Project("{FAE04EC0-301F-11D3-BF4B-00C04F79EFBC}") = "proyectoInstagramEnrique", "proyectoInstagramEnrique\proyectoInstagramEnrique.csproj", "{6A3A1674-40E0-454E-9A22-80E4F9A6E5FD}"
EndProject
Global
	GlobalSection(SolutionConfigurationPlatforms) = preSolution
		Debug|Any CPU = Debug|Any CPU
		Release|Any CPU = Release|Any CPU
	EndGlobalSection
	GlobalSection(ProjectConfigurationPlatforms) = postSolution
		{6A3A1674-40E0-454E-9A22-80E4F9A6E5FD}.Debug|Any CPU.ActiveCfg = Debug|Any CPU
		{6A3A1674-40E0-454E-9A22-80E4F9A6E5FD}.Debug|Any CPU.Build.0 = Debug|Any CPU
		{6A3A1674-40E0-454E-9A22-80E4F9A6E5FD}.Release|Any CPU.ActiveCfg = Release|Any CPU
		{6A3A1674-40E0-454E-9A22-80E4F9A6E5FD}.Release|Any CPU.Build.0 = Release|Any CPU
	EndGlobalSection
	GlobalSection(SolutionProperties) = preSolution
		HideSolutionNode = FALSE
	EndGlobalSection
	GlobalSection(ExtensibilityGlobals) = postSolution
		SolutionGuid = {CC3DB3F9-F11B-493B-A852-040EF777118F}
	EndGlobalSection
EndGlobal
